<?xml version="1.0" encoding="UTF-8" standalone="yes" ?>
<CodeBlocks_project_file>
	<FileVersion major="1" minor="6" />
	<Project>
		<Option title="dclient" />
		<Option pch_mode="2" />
		<Option compiler="gcc" />
		<Build>
			<Target title="Debug">
				<Option output="bin/Debug/dclient" prefix_auto="1" extension_auto="1" />
				<Option object_output="obj/Debug/" />
				<Option type="1" />
				<Option compiler="gcc" />
				<Compiler>
					<Add option="-g" />
				</Compiler>
			</Target>
			<Target title="Release">
				<Option output="bin/Release/dclient" prefix_auto="1" extension_auto="1" />
				<Option object_output="obj/Release/" />
				<Option type="1" />
				<Option compiler="gcc" />
				<Compiler>
					<Add option="-O2" />
				</Compiler>
				<Linker>
					<Add option="-s" />
				</Linker>
			</Target>
		</Build>
		<Compiler>
			<Add option="-Wall" />
			<Add option="-fexceptions" />
			<Add directory="/usr/include" />
		</Compiler>
		<Linker>
			<Add option="-lpthread -lpcap -lcurl -ljpeg" />
			<Add directory="/usr/lib" />
		</Linker>
		<Unit filename="adapter.cpp" />
		<Unit filename="adapter.h" />
		<Unit filename="conv/conv.c">
			<Option compilerVar="CC" />
		</Unit>
		<Unit filename="conv/conv.h" />
		<Unit filename="daemon.cpp" />
		<Unit filename="daemon.h" />
		<Unit filename="darg.cpp" />
		<Unit filename="darg.h" />
		<Unit filename="dcurl.cpp" />
		<Unit filename="dcurl.h" />
		<Unit filename="dir.cpp" />
		<Unit filename="dir.h" />
		<Unit filename="dlog.cpp" />
		<Unit filename="dlog.h" />
		<Unit filename="docr.cpp" />
		<Unit filename="docr.h" />
		<Unit filename="docrkeys.cpp" />
		<Unit filename="dpcap.cpp" />
		<Unit filename="dpcap.h" />
		<Unit filename="eappacket.cpp" />
		<Unit filename="eappacket.h" />
		<Unit filename="encrypt.cpp" />
		<Unit filename="encrypt.h" />
		<Unit filename="encrypt/base64.c">
			<Option compilerVar="CC" />
		</Unit>
		<Unit filename="encrypt/base64.h" />
		<Unit filename="encrypt/crc32.c">
			<Option compilerVar="CC" />
		</Unit>
		<Unit filename="encrypt/crc32.h" />
		<Unit filename="encrypt/md5.c">
			<Option compilerVar="CC" />
		</Unit>
		<Unit filename="encrypt/md5.h" />
		<Unit filename="encrypt/rc4.c">
			<Option compilerVar="CC" />
		</Unit>
		<Unit filename="encrypt/rc4.h" />
		<Unit filename="global.h" />
		<Unit filename="lock.cpp" />
		<Unit filename="lock.h" />
		<Unit filename="main.cpp" />
		<Unit filename="msgpass.cpp" />
		<Unit filename="msgpass.h" />
		<Unit filename="tprocess.cpp" />
		<Unit filename="tprocess.h" />
		<Extensions>
			<code_completion />
			<envvars />
			<debugger />
			<lib_finder disable_auto="1" />
		</Extensions>
	</Project>
</CodeBlocks_project_file>
